
Microsoft Visual Studio Solution File, Format Version 12.00
# Visual Studio Version 17
VisualStudioVersion = 17.14.36414.22 d17.14
MinimumVisualStudioVersion = 10.0.40219.1
Project("{FAE04EC0-301F-11D3-BF4B-00C04F79EFBC}") = "MVCFirstApp", "MVCFirstApp.csproj", "{36976C49-D113-49AB-85B9-AB90166C78EE}"
EndProject
Global
	GlobalSection(SolutionConfigurationPlatforms) = preSolution
		Debug|Any CPU = Debug|Any CPU
		Release|Any CPU = Release|Any CPU
	EndGlobalSection
	GlobalSection(ProjectConfigurationPlatforms) = postSolution
		{36976C49-D113-49AB-85B9-AB90166C78EE}.Debug|Any CPU.ActiveCfg = Debug|Any CPU
		{36976C49-D113-49AB-85B9-AB90166C78EE}.Debug|Any CPU.Build.0 = Debug|Any CPU
		{36976C49-D113-49AB-85B9-AB90166C78EE}.Release|Any CPU.ActiveCfg = Release|Any CPU
		{36976C49-D113-49AB-85B9-AB90166C78EE}.Release|Any CPU.Build.0 = Release|Any CPU
	EndGlobalSection
	GlobalSection(SolutionProperties) = preSolution
		HideSolutionNode = FALSE
	EndGlobalSection
	GlobalSection(ExtensibilityGlobals) = postSolution
		SolutionGuid = {B7556AB5-717E-455C-9682-AC3B85331C26}
	EndGlobalSection
EndGlobal
